
Microsoft Visual Studio Solution File, Format Version 12.00
# Visual Studio Version 16
VisualStudioVersion = 16.0.29123.88
MinimumVisualStudioVersion = 10.0.40219.1
Project("{2150E333-8FDC-42A3-9474-1A3956D46DE8}") = "1 - Presentation", "1 - Presentation", "{72CE0B2C-02FA-4659-A3AD-EB6340FA6656}"
EndProject
Project("{2150E333-8FDC-42A3-9474-1A3956D46DE8}") = "2 - Services", "2 - Services", "{8C7344A6-004F-4708-9C94-6C10AAB79508}"
EndProject
Project("{2150E333-8FDC-42A3-9474-1A3956D46DE8}") = "3 - Application", "3 - Application", "{6359AC47-1F00-476A-A819-CC6B9D7E332C}"
EndProject
Project("{2150E333-8FDC-42A3-9474-1A3956D46DE8}") = "4 - Domain", "4 - Domain", "{2017CEC8-3A6C-48A6-8461-7ADF903A9617}"
EndProject
Project("{2150E333-8FDC-42A3-9474-1A3956D46DE8}") = "5 - Infra", "5 - Infra", "{4262D750-7785-4D7E-9C74-1A122D14B984}"
EndProject
Project("{9A19103F-16F7-4668-BE54-9A1E7A4F7556}") = "ViajarBarato.Fullstack.Domain", "src\ViajarBarato.Fullstack.Domain\ViajarBarato.Fullstack.Domain.csproj", "{55FEC38F-9549-4FDC-AD58-C0AE943EB321}"
EndProject
Project("{9A19103F-16F7-4668-BE54-9A1E7A4F7556}") = "ViajarBarato.Fullstack.Infra.Data", "src\ViajarBarato.Fullstack.Infra.Data\ViajarBarato.Fullstack.Infra.Data.csproj", "{BB89C775-2CD2-40C6-812B-89F28D47DD46}"
EndProject
Project("{9A19103F-16F7-4668-BE54-9A1E7A4F7556}") = "ViajarBarato.Fullstack.Web", "src\ViajarBarato.Fullstack.Web\ViajarBarato.Fullstack.Web.csproj", "{FAEBA1BD-289E-4946-A03F-CF0A16B79B9B}"
EndProject
Global
	GlobalSection(SolutionConfigurationPlatforms) = preSolution
		Debug|Any CPU = Debug|Any CPU
		Release|Any CPU = Release|Any CPU
	EndGlobalSection
	GlobalSection(ProjectConfigurationPlatforms) = postSolution
		{55FEC38F-9549-4FDC-AD58-C0AE943EB321}.Debug|Any CPU.ActiveCfg = Debug|Any CPU
		{55FEC38F-9549-4FDC-AD58-C0AE943EB321}.Debug|Any CPU.Build.0 = Debug|Any CPU
		{55FEC38F-9549-4FDC-AD58-C0AE943EB321}.Release|Any CPU.ActiveCfg = Release|Any CPU
		{55FEC38F-9549-4FDC-AD58-C0AE943EB321}.Release|Any CPU.Build.0 = Release|Any CPU
		{BB89C775-2CD2-40C6-812B-89F28D47DD46}.Debug|Any CPU.ActiveCfg = Debug|Any CPU
		{BB89C775-2CD2-40C6-812B-89F28D47DD46}.Debug|Any CPU.Build.0 = Debug|Any CPU
		{BB89C775-2CD2-40C6-812B-89F28D47DD46}.Release|Any CPU.ActiveCfg = Release|Any CPU
		{BB89C775-2CD2-40C6-812B-89F28D47DD46}.Release|Any CPU.Build.0 = Release|Any CPU
		{FAEBA1BD-289E-4946-A03F-CF0A16B79B9B}.Debug|Any CPU.ActiveCfg = Debug|Any CPU
		{FAEBA1BD-289E-4946-A03F-CF0A16B79B9B}.Debug|Any CPU.Build.0 = Debug|Any CPU
		{FAEBA1BD-289E-4946-A03F-CF0A16B79B9B}.Release|Any CPU.ActiveCfg = Release|Any CPU
		{FAEBA1BD-289E-4946-A03F-CF0A16B79B9B}.Release|Any CPU.Build.0 = Release|Any CPU
	EndGlobalSection
	GlobalSection(SolutionProperties) = preSolution
		HideSolutionNode = FALSE
	EndGlobalSection
	GlobalSection(NestedProjects) = preSolution
		{55FEC38F-9549-4FDC-AD58-C0AE943EB321} = {2017CEC8-3A6C-48A6-8461-7ADF903A9617}
		{BB89C775-2CD2-40C6-812B-89F28D47DD46} = {4262D750-7785-4D7E-9C74-1A122D14B984}
		{FAEBA1BD-289E-4946-A03F-CF0A16B79B9B} = {72CE0B2C-02FA-4659-A3AD-EB6340FA6656}
	EndGlobalSection
	GlobalSection(ExtensibilityGlobals) = postSolution
		SolutionGuid = {8D468442-31CB-4C17-9F8C-7ED1B36E4706}
	EndGlobalSection
EndGlobal
